// !$*UTF8*$!
{
	archiveVersion = 1;
	classes = {
	};
	objectVersion = 46;
	objects = {

/* Begin PBXBuildFile section */
		07D01931197DDBF900CDDE95 /* Foundation.framework in Frameworks */ = {isa = PBXBuildFile; fileRef = 07D01930197DDBF900CDDE95 /* Foundation.framework */; };
		07D01933197DDBF900CDDE95 /* CoreGraphics.framework in Frameworks */ = {isa = PBXBuildFile; fileRef = 07D01932197DDBF900CDDE95 /* CoreGraphics.framework */; };
		07D01935197DDBF900CDDE95 /* UIKit.framework in Frameworks */ = {isa = PBXBuildFile; fileRef = 07D01934197DDBF900CDDE95 /* UIKit.framework */; };
		07D0193B197DDBF900CDDE95 /* InfoPlist.strings in Resources */ = {isa = PBXBuildFile; fileRef = 07D01939197DDBF900CDDE95 /* InfoPlist.strings */; };
		07D0193D197DDBFA00CDDE95 /* main.m in Sources */ = {isa = PBXBuildFile; fileRef = 07D0193C197DDBFA00CDDE95 /* main.m */; };
		07D01941197DDBFA00CDDE95 /* AppDelegate.m in Sources */ = {isa = PBXBuildFile; fileRef = 07D01940197DDBFA00CDDE95 /* AppDelegate.m */; };
		07D01944197DDBFA00CDDE95 /* Main_iPhone.storyboard in Resources */ = {isa = PBXBuildFile; fileRef = 07D01942197DDBFA00CDDE95 /* Main_iPhone.storyboard */; };
		07D01947197DDBFA00CDDE95 /* Main_iPad.storyboard in Resources */ = {isa = PBXBuildFile; fileRef = 07D01945197DDBFA00CDDE95 /* Main_iPad.storyboard */; };
		07D0194A197DDBFA00CDDE95 /* MasterViewController.m in Sources */ = {isa = PBXBuildFile; fileRef = 07D01949197DDBFA00CDDE95 /* MasterViewController.m */; };
		07D0194D197DDBFA00CDDE95 /* DetailViewController.m in Sources */ = {isa = PBXBuildFile; fileRef = 07D0194C197DDBFA00CDDE95 /* DetailViewController.m */; };
		07D0194F197DDBFA00CDDE95 /* Images.xcassets in Resources */ = {isa = PBXBuildFile; fileRef = 07D0194E197DDBFA00CDDE95 /* Images.xcassets */; };
		07D01956197DDBFC00CDDE95 /* XCTest.framework in Frameworks */ = {isa = PBXBuildFile; fileRef = 07D01955197DDBFC00CDDE95 /* XCTest.framework */; };
		07D01957197DDBFC00CDDE95 /* Foundation.framework in Frameworks */ = {isa = PBXBuildFile; fileRef = 07D01930197DDBF900CDDE95 /* Foundation.framework */; };
		07D01958197DDBFC00CDDE95 /* UIKit.framework in Frameworks */ = {isa = PBXBuildFile; fileRef = 07D01934197DDBF900CDDE95 /* UIKit.framework */; };
		07D01960197DDBFC00CDDE95 /* InfoPlist.strings in Resources */ = {isa = PBXBuildFile; fileRef = 07D0195E197DDBFC00CDDE95 /* InfoPlist.strings */; };
		07D01962197DDBFC00CDDE95 /* DE4Tests.m in Sources */ = {isa = PBXBuildFile; fileRef = 07D01961197DDBFC00CDDE95 /* DE4Tests.m */; };
/* End PBXBuildFile section */

/* Begin PBXContainerItemProxy section */
		07D01959197DDBFC00CDDE95 /* PBXContainerItemProxy */ = {
			isa = PBXContainerItemProxy;
			containerPortal = 07D01925197DDBF900CDDE95 /* Project object */;
			proxyType = 1;
			remoteGlobalIDString = 07D0192C197DDBF900CDDE95;
			remoteInfo = DE4;
		};
/* End PBXContainerItemProxy section */

/* Begin PBXFileReference section */
		07D0192D197DDBF900CDDE95 /* DE4.app */ = {isa = PBXFileReference; explicitFileType = wrapper.application; includeInIndex = 0; path = DE4.app; sourceTree = BUILT_PRODUCTS_DIR; };
		07D01930197DDBF900CDDE95 /* Foundation.framework */ = {isa = PBXFileReference; lastKnownFileType = wrapper.framework; name = Foundation.framework; path = System/Library/Frameworks/Foundation.framework; sourceTree = SDKROOT; };
		07D01932197DDBF900CDDE95 /* CoreGraphics.framework */ = {isa = PBXFileReference; lastKnownFileType = wrapper.framework; name = CoreGraphics.framework; path = System/Library/Frameworks/CoreGraphics.framework; sourceTree = SDKROOT; };
		07D01934197DDBF900CDDE95 /* UIKit.framework */ = {isa = PBXFileReference; lastKnownFileType = wrapper.framework; name = UIKit.framework; path = System/Library/Frameworks/UIKit.framework; sourceTree = SDKROOT; };
		07D01938197DDBF900CDDE95 /* DE4-Info.plist */ = {isa = PBXFileReference; lastKnownFileType = text.plist.xml; path = "DE4-Info.plist"; sourceTree = "<group>"; };
		07D0193A197DDBF900CDDE95 /* en */ = {isa = PBXFileReference; lastKnownFileType = text.plist.strings; name = en; path = en.lproj/InfoPlist.strings; sourceTree = "<group>"; };
		07D0193C197DDBFA00CDDE95 /* main.m */ = {isa = PBXFileReference; lastKnownFileType = sourcecode.c.objc; path = main.m; sourceTree = "<group>"; };
		07D0193E197DDBFA00CDDE95 /* DE4-Prefix.pch */ = {isa = PBXFileReference; lastKnownFileType = sourcecode.c.h; path = "DE4-Prefix.pch"; sourceTree = "<group>"; };
		07D0193F197DDBFA00CDDE95 /* AppDelegate.h */ = {isa = PBXFileReference; lastKnownFileType = sourcecode.c.h; path = AppDelegate.h; sourceTree = "<group>"; };
		07D01940197DDBFA00CDDE95 /* AppDelegate.m */ = {isa = PBXFileReference; lastKnownFileType = sourcecode.c.objc; path = AppDelegate.m; sourceTree = "<group>"; };
		07D01943197DDBFA00CDDE95 /* Base */ = {isa = PBXFileReference; lastKnownFileType = file.storyboard; name = Base; path = Base.lproj/Main_iPhone.storyboard; sourceTree = "<group>"; };
		07D01946197DDBFA00CDDE95 /* Base */ = {isa = PBXFileReference; lastKnownFileType = file.storyboard; name = Base; path = Base.lproj/Main_iPad.storyboard; sourceTree = "<group>"; };
		07D01948197DDBFA00CDDE95 /* MasterViewController.h */ = {isa = PBXFileReference; lastKnownFileType = sourcecode.c.h; path = MasterViewController.h; sourceTree = "<group>"; };
		07D01949197DDBFA00CDDE95 /* MasterViewController.m */ = {isa = PBXFileReference; lastKnownFileType = sourcecode.c.objc; path = MasterViewController.m; sourceTree = "<group>"; };
		07D0194B197DDBFA00CDDE95 /* DetailViewController.h */ = {isa = PBXFileReference; lastKnownFileType = sourcecode.c.h; path = DetailViewController.h; sourceTree = "<group>"; };
		07D0194C197DDBFA00CDDE95 /* DetailViewController.m */ = {isa = PBXFileReference; lastKnownFileType = sourcecode.c.objc; path = DetailViewController.m; sourceTree = "<group>"; };
		07D0194E197DDBFA00CDDE95 /* Images.xcassets */ = {isa = PBXFileReference; lastKnownFileType = folder.assetcatalog; path = Images.xcassets; sourceTree = "<group>"; };
		07D01954197DDBFC00CDDE95 /* DE4Tests.xctest */ = {isa = PBXFileReference; explicitFileType = wrapper.cfbundle; includeInIndex = 0; path = DE4Tests.xctest; sourceTree = BUILT_PRODUCTS_DIR; };
		07D01955197DDBFC00CDDE95 /* XCTest.framework */ = {isa = PBXFileReference; lastKnownFileType = wrapper.framework; name = XCTest.framework; path = Library/Frameworks/XCTest.framework; sourceTree = DEVELOPER_DIR; };
		07D0195D197DDBFC00CDDE95 /* DE4Tests-Info.plist */ = {isa = PBXFileReference; lastKnownFileType = text.plist.xml; path = "DE4Tests-Info.plist"; sourceTree = "<group>"; };
		07D0195F197DDBFC00CDDE95 /* en */ = {isa = PBXFileReference; lastKnownFileType = text.plist.strings; name = en; path = en.lproj/InfoPlist.strings; sourceTree = "<group>"; };
		07D01961197DDBFC00CDDE95 /* DE4Tests.m */ = {isa = PBXFileReference; lastKnownFileType = sourcecode.c.objc; path = DE4Tests.m; sourceTree = "<group>"; };
/* End PBXFileReference section */

/* Begin PBXFrameworksBuildPhase section */
		07D0192A197DDBF900CDDE95 /* Frameworks */ = {
			isa = PBXFrameworksBuildPhase;
			buildActionMask = 2147483647;
			files = (
				07D01933197DDBF900CDDE95 /* CoreGraphics.framework in Frameworks */,
				07D01935197DDBF900CDDE95 /* UIKit.framework in Frameworks */,
				07D01931197DDBF900CDDE95 /* Foundation.framework in Frameworks */,
			);
			runOnlyForDeploymentPostprocessing = 0;
		};
		07D01951197DDBFC00CDDE95 /* Frameworks */ = {
			isa = PBXFrameworksBuildPhase;
			buildActionMask = 2147483647;
			files = (
				07D01956197DDBFC00CDDE95 /* XCTest.framework in Frameworks */,
				07D01958197DDBFC00CDDE95 /* UIKit.framework in Frameworks */,
				07D01957197DDBFC00CDDE95 /* Foundation.framework in Frameworks */,
			);
			runOnlyForDeploymentPostprocessing = 0;
		};
/* End PBXFrameworksBuildPhase section */

/* Begin PBXGroup section */
		07D01924197DDBF900CDDE95 = {
			isa = PBXGroup;
			children = (
				07D01936197DDBF900CDDE95 /* DE4 */,
				07D0195B197DDBFC00CDDE95 /* DE4Tests */,
				07D0192F197DDBF900CDDE95 /* Frameworks */,
				07D0192E197DDBF900CDDE95 /* Products */,
			);
			sourceTree = "<group>";
		};
		07D0192E197DDBF900CDDE95 /* Products */ = {
			isa = PBXGroup;
			children = (
				07D0192D197DDBF900CDDE95 /* DE4.app */,
				07D01954197DDBFC00CDDE95 /* DE4Tests.xctest */,
			);
			name = Products;
			sourceTree = "<group>";
		};
		07D0192F197DDBF900CDDE95 /* Frameworks */ = {
			isa = PBXGroup;
			children = (
				07D01930197DDBF900CDDE95 /* Foundation.framework */,
				07D01932197DDBF900CDDE95 /* CoreGraphics.framework */,
				07D01934197DDBF900CDDE95 /* UIKit.framework */,
				07D01955197DDBFC00CDDE95 /* XCTest.framework */,
			);
			name = Frameworks;
			sourceTree = "<group>";
		};
		07D01936197DDBF900CDDE95 /* DE4 */ = {
			isa = PBXGroup;
			children = (
				07D0193F197DDBFA00CDDE95 /* AppDelegate.h */,
				07D01940197DDBFA00CDDE95 /* AppDelegate.m */,
				07D01942197DDBFA00CDDE95 /* Main_iPhone.storyboard */,
				07D01945197DDBFA00CDDE95 /* Main_iPad.storyboard */,
				07D01948197DDBFA00CDDE95 /* MasterViewController.h */,
				07D01949197DDBFA00CDDE95 /* MasterViewController.m */,
				07D0194B197DDBFA00CDDE95 /* DetailViewController.h */,
				07D0194C197DDBFA00CDDE95 /* DetailViewController.m */,
				07D0194E197DDBFA00CDDE95 /* Images.xcassets */,
				07D01937197DDBF900CDDE95 /* Supporting Files */,
			);
			path = DE4;
			sourceTree = "<group>";
		};
		07D01937197DDBF900CDDE95 /* Supporting Files */ = {
			isa = PBXGroup;
			children = (
				07D01938197DDBF900CDDE95 /* DE4-Info.plist */,
				07D01939197DDBF900CDDE95 /* InfoPlist.strings */,
				07D0193C197DDBFA00CDDE95 /* main.m */,
				07D0193E197DDBFA00CDDE95 /* DE4-Prefix.pch */,
			);
			name = "Supporting Files";
			sourceTree = "<group>";
		};
		07D0195B197DDBFC00CDDE95 /* DE4Tests */ = {
			isa = PBXGroup;
			children = (
				07D01961197DDBFC00CDDE95 /* DE4Tests.m */,
				07D0195C197DDBFC00CDDE95 /* Supporting Files */,
			);
			path = DE4Tests;
			sourceTree = "<group>";
		};
		07D0195C197DDBFC00CDDE95 /* Supporting Files */ = {
			isa = PBXGroup;
			children = (
				07D0195D197DDBFC00CDDE95 /* DE4Tests-Info.plist */,
				07D0195E197DDBFC00CDDE95 /* InfoPlist.strings */,
			);
			name = "Supporting Files";
			sourceTree = "<group>";
		};
/* End PBXGroup section */

/* Begin PBXNativeTarget section */
		07D0192C197DDBF900CDDE95 /* DE4 */ = {
			isa = PBXNativeTarget;
			buildConfigurationList = 07D01965197DDBFC00CDDE95 /* Build configuration list for PBXNativeTarget "DE4" */;
			buildPhases = (
				07D01929197DDBF900CDDE95 /* Sources */,
				07D0192A197DDBF900CDDE95 /* Frameworks */,
				07D0192B197DDBF900CDDE95 /* Resources */,
			);
			buildRules = (
			);
			dependencies = (
			);
			name = DE4;
			productName = DE4;
			productReference = 07D0192D197DDBF900CDDE95 /* DE4.app */;
			productType = "com.apple.product-type.application";
		};
		07D01953197DDBFC00CDDE95 /* DE4Tests */ = {
			isa = PBXNativeTarget;
			buildConfigurationList = 07D01968197DDBFC00CDDE95 /* Build configuration list for PBXNativeTarget "DE4Tests" */;
			buildPhases = (
				07D01950197DDBFC00CDDE95 /* Sources */,
				07D01951197DDBFC00CDDE95 /* Frameworks */,
				07D01952197DDBFC00CDDE95 /* Resources */,
			);
			buildRules = (
			);
			dependencies = (
				07D0195A197DDBFC00CDDE95 /* PBXTargetDependency */,
			);
			name = DE4Tests;
			productName = DE4Tests;
			productReference = 07D01954197DDBFC00CDDE95 /* DE4Tests.xctest */;
			productType = "com.apple.product-type.bundle.unit-test";
		};
/* End PBXNativeTarget section */

/* Begin PBXProject section */
		07D01925197DDBF900CDDE95 /* Project object */ = {
			isa = PBXProject;
			attributes = {
				LastUpgradeCheck = 0510;
				ORGANIZATIONNAME = MellowMammoth;
				TargetAttributes = {
					07D01953197DDBFC00CDDE95 = {
						TestTargetID = 07D0192C197DDBF900CDDE95;
					};
				};
			};
			buildConfigurationList = 07D01928197DDBF900CDDE95 /* Build configuration list for PBXProject "DE4" */;
			compatibilityVersion = "Xcode 3.2";
			developmentRegion = English;
			hasScannedForEncodings = 0;
			knownRegions = (
				en,
				Base,
			);
			mainGroup = 07D01924197DDBF900CDDE95;
			productRefGroup = 07D0192E197DDBF900CDDE95 /* Products */;
			projectDirPath = "";
			projectRoot = "";
			targets = (
				07D0192C197DDBF900CDDE95 /* DE4 */,
				07D01953197DDBFC00CDDE95 /* DE4Tests */,
			);
		};
/* End PBXProject section */

/* Begin PBXResourcesBuildPhase section */
		07D0192B197DDBF900CDDE95 /* Resources */ = {
			isa = PBXResourcesBuildPhase;
			buildActionMask = 2147483647;
			files = (
				07D01947197DDBFA00CDDE95 /* Main_iPad.storyboard in Resources */,
				07D0194F197DDBFA00CDDE95 /* Images.xcassets in Resources */,
				07D01944197DDBFA00CDDE95 /* Main_iPhone.storyboard in Resources */,
				07D0193B197DDBF900CDDE95 /* InfoPlist.strings in Resources */,
			);
			runOnlyForDeploymentPostprocessing = 0;
		};
		07D01952197DDBFC00CDDE95 /* Resources */ = {
			isa = PBXResourcesBuildPhase;
			buildActionMask = 2147483647;
			files = (
				07D01960197DDBFC00CDDE95 /* InfoPlist.strings in Resources */,
			);
			runOnlyForDeploymentPostprocessing = 0;
		};
/* End PBXResourcesBuildPhase section */

/* Begin PBXSourcesBuildPhase section */
		07D01929197DDBF900CDDE95 /* Sources */ = {
			isa = PBXSourcesBuildPhase;
			buildActionMask = 2147483647;
			files = (
				07D01941197DDBFA00CDDE95 /* AppDelegate.m in Sources */,
				07D0194A197DDBFA00CDDE95 /* MasterViewController.m in Sources */,
				07D0193D197DDBFA00CDDE95 /* main.m in Sources */,
				07D0194D197DDBFA00CDDE95 /* DetailViewController.m in Sources */,
			);
			runOnlyForDeploymentPostprocessing = 0;
		};
		07D01950197DDBFC00CDDE95 /* Sources */ = {
			isa = PBXSourcesBuildPhase;
			buildActionMask = 2147483647;
			files = (
				07D01962197DDBFC00CDDE95 /* DE4Tests.m in Sources */,
			);
			runOnlyForDeploymentPostprocessing = 0;
		};
/* End PBXSourcesBuildPhase section */

/* Begin PBXTargetDependency section */
		07D0195A197DDBFC00CDDE95 /* PBXTargetDependency */ = {
			isa = PBXTargetDependency;
			target = 07D0192C197DDBF900CDDE95 /* DE4 */;
			targetProxy = 07D01959197DDBFC00CDDE95 /* PBXContainerItemProxy */;
		};
/* End PBXTargetDependency section */

/* Begin PBXVariantGroup section */
		07D01939197DDBF900CDDE95 /* InfoPlist.strings */ = {
			isa = PBXVariantGroup;
			children = (
				07D0193A197DDBF900CDDE95 /* en */,
			);
			name = InfoPlist.strings;
			sourceTree = "<group>";
		};
		07D01942197DDBFA00CDDE95 /* Main_iPhone.storyboard */ = {
			isa = PBXVariantGroup;
			children = (
				07D01943197DDBFA00CDDE95 /* Base */,
			);
			name = Main_iPhone.storyboard;
			sourceTree = "<group>";
		};
		07D01945197DDBFA00CDDE95 /* Main_iPad.storyboard */ = {
			isa = PBXVariantGroup;
			children = (
				07D01946197DDBFA00CDDE95 /* Base */,
			);
			name = Main_iPad.storyboard;
			sourceTree = "<group>";
		};
		07D0195E197DDBFC00CDDE95 /* InfoPlist.strings */ = {
			isa = PBXVariantGroup;
			children = (
				07D0195F197DDBFC00CDDE95 /* en */,
			);
			name = InfoPlist.strings;
			sourceTree = "<group>";
		};
/* End PBXVariantGroup section */

/* Begin XCBuildConfiguration section */
		07D01963197DDBFC00CDDE95 /* Debug */ = {
			isa = XCBuildConfiguration;
			buildSettings = {
				ALWAYS_SEARCH_USER_PATHS = NO;
				CLANG_CXX_LANGUAGE_STANDARD = "gnu++0x";
				CLANG_CXX_LIBRARY = "libc++";
				CLANG_ENABLE_MODULES = YES;
				CLANG_ENABLE_OBJC_ARC = YES;
				CLANG_WARN_BOOL_CONVERSION = YES;
				CLANG_WARN_CONSTANT_CONVERSION = YES;
				CLANG_WARN_DIRECT_OBJC_ISA_USAGE = YES_ERROR;
				CLANG_WARN_EMPTY_BODY = YES;
				CLANG_WARN_ENUM_CONVERSION = YES;
				CLANG_WARN_INT_CONVERSION = YES;
				CLANG_WARN_OBJC_ROOT_CLASS = YES_ERROR;
				CLANG_WARN__DUPLICATE_METHOD_MATCH = YES;
				"CODE_SIGN_IDENTITY[sdk=iphoneos*]" = "iPhone Developer";
				COPY_PHASE_STRIP = NO;
				GCC_C_LANGUAGE_STANDARD = gnu99;
				GCC_DYNAMIC_NO_PIC = NO;
				GCC_OPTIMIZATION_LEVEL = 0;
				GCC_PREPROCESSOR_DEFINITIONS = (
					"DEBUG=1",
					"$(inherited)",
				);
				GCC_SYMBOLS_PRIVATE_EXTERN = NO;
				GCC_WARN_64_TO_32_BIT_CONVERSION = YES;
				GCC_WARN_ABOUT_RETURN_TYPE = YES_ERROR;
				GCC_WARN_UNDECLARED_SELECTOR = YES;
				GCC_WARN_UNINITIALIZED_AUTOS = YES_AGGRESSIVE;
				GCC_WARN_UNUSED_FUNCTION = YES;
				GCC_WARN_UNUSED_VARIABLE = YES;
				IPHONEOS_DEPLOYMENT_TARGET = 7.1;
				ONLY_ACTIVE_ARCH = YES;
				SDKROOT = iphoneos;
				TARGETED_DEVICE_FAMILY = "1,2";
			};
			name = Debug;
		};
		07D01964197DDBFC00CDDE95 /* Release */ = {
			isa = XCBuildConfiguration;
			buildSettings = {
				ALWAYS_SEARCH_USER_PATHS = NO;
				CLANG_CXX_LANGUAGE_STANDARD = "gnu++0x";
				CLANG_CXX_LIBRARY = "libc++";
				CLANG_ENABLE_MODULES = YES;
				CLANG_ENABLE_OBJC_ARC = YES;
				CLANG_WARN_BOOL_CONVERSION = YES;
				CLANG_WARN_CONSTANT_CONVERSION = YES;
				CLANG_WARN_DIRECT_OBJC_ISA_USAGE = YES_ERROR;
				CLANG_WARN_EMPTY_BODY = YES;
				CLANG_WARN_ENUM_CONVERSION = YES;
				CLANG_WARN_INT_CONVERSION = YES;
				CLANG_WARN_OBJC_ROOT_CLASS = YES_ERROR;
				CLANG_WARN__DUPLICATE_METHOD_MATCH = YES;
				"CODE_SIGN_IDENTITY[sdk=iphoneos*]" = "iPhone Developer";
				COPY_PHASE_STRIP = YES;
				ENABLE_NS_ASSERTIONS = NO;
				GCC_C_LANGUAGE_STANDARD = gnu99;
				GCC_WARN_64_TO_32_BIT_CONVERSION = YES;
				GCC_WARN_ABOUT_RETURN_TYPE = YES_ERROR;
				GCC_WARN_UNDECLARED_SELECTOR = YES;
				GCC_WARN_UNINITIALIZED_AUTOS = YES_AGGRESSIVE;
				GCC_WARN_UNUSED_FUNCTION = YES;
				GCC_WARN_UNUSED_VARIABLE = YES;
				IPHONEOS_DEPLOYMENT_TARGET = 7.1;
				SDKROOT = iphoneos;
				TARGETED_DEVICE_FAMILY = "1,2";
				VALIDATE_PRODUCT = YES;
			};
			name = Release;
		};
		07D01966197DDBFC00CDDE95 /* Debug */ = {
			isa = XCBuildConfiguration;
			buildSettings = {
				ASSETCATALOG_COMPILER_APPICON_NAME = AppIcon;
				ASSETCATALOG_COMPILER_LAUNCHIMAGE_NAME = LaunchImage;
				GCC_PRECOMPILE_PREFIX_HEADER = YES;
				GCC_PREFIX_HEADER = "DE4/DE4-Prefix.pch";
				INFOPLIST_FILE = "DE4/DE4-Info.plist";
				PRODUCT_NAME = "$(TARGET_NAME)";
				WRAPPER_EXTENSION = app;
			};
			name = Debug;
		};
		07D01967197DDBFC00CDDE95 /* Release */ = {
			isa = XCBuildConfiguration;
			buildSettings = {
				ASSETCATALOG_COMPILER_APPICON_NAME = AppIcon;
				ASSETCATALOG_COMPILER_LAUNCHIMAGE_NAME = LaunchImage;
				GCC_PRECOMPILE_PREFIX_HEADER = YES;
				GCC_PREFIX_HEADER = "DE4/DE4-Prefix.pch";
				INFOPLIST_FILE = "DE4/DE4-Info.plist";
				PRODUCT_NAME = "$(TARGET_NAME)";
				WRAPPER_EXTENSION = app;
			};
			name = Release;
		};
		07D01969197DDBFC00CDDE95 /* Debug */ = {
			isa = XCBuildConfiguration;
			buildSettings = {
				BUNDLE_LOADER = "$(BUILT_PRODUCTS_DIR)/DE4.app/DE4";
				FRAMEWORK_SEARCH_PATHS = (
					"$(SDKROOT)/Developer/Library/Frameworks",
					"$(inherited)",
					"$(DEVELOPER_FRAMEWORKS_DIR)",
				);
				GCC_PRECOMPILE_PREFIX_HEADER = YES;
				GCC_PREFIX_HEADER = "DE4/DE4-Prefix.pch";
				GCC_PREPROCESSOR_DEFINITIONS = (
					"DEBUG=1",
					"$(inherited)",
				);
				INFOPLIST_FILE = "DE4Tests/DE4Tests-Info.plist";
				PRODUCT_NAME = "$(TARGET_NAME)";
				TEST_HOST = "$(BUNDLE_LOADER)";
				WRAPPER_EXTENSION = xctest;
			};
			name = Debug;
		};
		07D0196A197DDBFC00CDDE95 /* Release */ = {
			isa = XCBuildConfiguration;
			buildSettings = {
				BUNDLE_LOADER = "$(BUILT_PRODUCTS_DIR)/DE4.app/DE4";
				FRAMEWORK_SEARCH_PATHS = (
					"$(SDKROOT)/Developer/Library/Frameworks",
					"$(inherited)",
					"$(DEVELOPER_FRAMEWORKS_DIR)",
				);
				GCC_PRECOMPILE_PREFIX_HEADER = YES;
				GCC_PREFIX_HEADER = "DE4/DE4-Prefix.pch";
				INFOPLIST_FILE = "DE4Tests/DE4Tests-Info.plist";
				PRODUCT_NAME = "$(TARGET_NAME)";
				TEST_HOST = "$(BUNDLE_LOADER)";
				WRAPPER_EXTENSION = xctest;
			};
			name = Release;
		};
/* End XCBuildConfiguration section */

/* Begin XCConfigurationList section */
		07D01928197DDBF900CDDE95 /* Build configuration list for PBXProject "DE4" */ = {
			isa = XCConfigurationList;
			buildConfigurations = (
				07D01963197DDBFC00CDDE95 /* Debug */,
				07D01964197DDBFC00CDDE95 /* Release */,
			);
			defaultConfigurationIsVisible = 0;
			defaultConfigurationName = Release;
		};
		07D01965197DDBFC00CDDE95 /* Build configuration list for PBXNativeTarget "DE4" */ = {
			isa = XCConfigurationList;
			buildConfigurations = (
				07D01966197DDBFC00CDDE95 /* Debug */,
				07D01967197DDBFC00CDDE95 /* Release */,
			);
			defaultConfigurationIsVisible = 0;
		};
		07D01968197DDBFC00CDDE95 /* Build configuration list for PBXNativeTarget "DE4Tests" */ = {
			isa = XCConfigurationList;
			buildConfigurations = (
				07D01969197DDBFC00CDDE95 /* Debug */,
				07D0196A197DDBFC00CDDE95 /* Release */,
			);
			defaultConfigurationIsVisible = 0;
		};
/* End XCConfigurationList section */
	};
	rootObject = 07D01925197DDBF900CDDE95 /* Project object */;
}
